# This file is autogenerated, do not edit; changes may be undone by the next 'dep ensure'.


[[projects]]
  branch = "master"
  name = "github.com/EXCCoin/base58"
  packages = ["."]
  revision = "e1a805ee5d9f5e64352b9b509d18413991cceffb"

[[projects]]
  branch = "master"
  name = "github.com/EXCCoin/exccd"
  packages = [
    "blockchain",
    "blockchain/internal/dbnamespace",
    "blockchain/internal/progresslog",
    "blockchain/stake",
    "blockchain/stake/internal/dbnamespace",
    "blockchain/stake/internal/ticketdb",
    "blockchain/stake/internal/tickettreap",
    "certgen",
    "chaincfg",
    "chaincfg/chainec",
    "chaincfg/chainhash",
    "database",
    "exccec/edwards",
    "exccec/secp256k1",
    "exccec/secp256k1/schnorr",
    "exccjson",
    "exccutil",
    "gcs",
    "gcs/blockcf",
    "hdkeychain",
    "rpcclient",
    "txscript",
    "wire"
  ]
  revision = "f99f17e7219728eb971206e907670738729e2c1a"

[[projects]]
  branch = "master"
  name = "github.com/EXCCoin/exccwallet"
  packages = [
    "apperrors",
    "internal/helpers",
    "internal/zero",
    "snacl",
    "wallet/txrules",
    "wallet/udb",
    "walletdb"
  ]
  revision = "fe87d1cb3bf2478d1bed1bf7bf0e48eaee75f0cf"

[[projects]]
  branch = "master"
  name = "github.com/aead/siphash"
  packages = ["."]
  revision = "e404fcfc888570cadd1610538e2dbc89f66af814"

[[projects]]
  branch = "master"
  name = "github.com/agl/ed25519"
  packages = [
    ".",
    "edwards25519"
  ]
  revision = "5312a61534124124185d41f09206b9fef1d88403"

[[projects]]
  branch = "master"
  name = "github.com/btcsuite/btclog"
  packages = ["."]
  revision = "84c8d2346e9fc8c7b947e243b9c24e6df9fd206a"

[[projects]]
  branch = "master"
  name = "github.com/btcsuite/go-flags"
  packages = ["."]
  revision = "6c288d648c1cc1befcb90cb5511dcacf64ae8e61"

[[projects]]
  branch = "master"
  name = "github.com/btcsuite/go-socks"
  packages = ["socks"]
  revision = "4720035b7bfd2a9bb130b1c184f8bbe41b6f0d0f"

[[projects]]
  branch = "master"
  name = "github.com/btcsuite/websocket"
  packages = ["."]
  revision = "31079b6807923eb23992c421b114992b95131b55"

[[projects]]
  name = "github.com/dchest/blake256"
  packages = ["."]
  revision = "dee3fe6eb0e98dc774a94fc231f85baf7c29d360"
  version = "v1.0.0"

[[projects]]
  name = "github.com/dgrijalva/jwt-go"
  packages = ["."]
  revision = "06ea1031745cb8b3dab3f6a236daf2b0aa468b7e"
  version = "v3.2.0"

[[projects]]
  name = "github.com/go-gorp/gorp"
  packages = ["."]
  revision = "6032c66e0f5f155fd56216ed14cbbdd991034605"
  version = "v2.1"

[[projects]]
  name = "github.com/go-sql-driver/mysql"
  packages = ["."]
  revision = "d523deb1b23d913de5bdada721a6071e71283618"
  version = "v1.4.0"

[[projects]]
  branch = "master"
  name = "github.com/golang/protobuf"
  packages = [
    "proto",
    "ptypes",
    "ptypes/any",
    "ptypes/duration",
    "ptypes/timestamp"
  ]
  revision = "3a3da3a4e26776cc22a79ef46d5d58477532dede"

[[projects]]
  name = "github.com/gorilla/context"
  packages = ["."]
  revision = "08b5f424b9271eedf6f9f0ce86cb9396ed337a42"
  version = "v1.1.1"

[[projects]]
  name = "github.com/gorilla/securecookie"
  packages = ["."]
  revision = "e59506cc896acb7f7bf732d4fdf5e25f7ccd8983"
  version = "v1.1.1"

[[projects]]
  branch = "master"
  name = "github.com/gorilla/sessions"
  packages = ["."]
  revision = "9ee0d62e031e098d6353a069417bd6be8015af45"

[[projects]]
  branch = "master"
  name = "github.com/haisum/recaptcha"
  packages = ["."]
  revision = "7d3b8053900e7a0f549a11e800649a5fa950700f"

[[projects]]
  name = "github.com/jrick/logrotate"
  packages = ["rotator"]
  revision = "a93b200c26cbae3bb09dd0dc2c7c7fe1468a034a"
  version = "v1.0.0"

[[projects]]
  branch = "master"
  name = "github.com/zenazn/goji"
  packages = [
    "graceful",
    "graceful/listener",
    "web",
    "web/middleware",
    "web/mutil"
  ]
  revision = "4a0a089f56dffba35ba29a37303bbc3e3e496f96"

[[projects]]
  branch = "master"
  name = "golang.org/x/crypto"
  packages = [
    "bcrypt",
    "blowfish",
    "nacl/secretbox",
    "pbkdf2",
    "poly1305",
    "ripemd160",
    "salsa20/salsa",
    "scrypt"
  ]
  revision = "df8d4716b3472e4a531c33cedbe537dae921a1a9"

[[projects]]
  branch = "master"
  name = "golang.org/x/net"
  packages = [
    "context",
    "http/httpguts",
    "http2",
    "http2/hpack",
    "idna",
    "internal/timeseries",
    "trace"
  ]
  revision = "1e491301e022f8f977054da4c2d852decd59571f"

[[projects]]
  name = "golang.org/x/text"
  packages = [
    "collate",
    "collate/build",
    "internal/colltab",
    "internal/gen",
    "internal/tag",
    "internal/triegen",
    "internal/ucd",
    "language",
    "secure/bidirule",
    "transform",
    "unicode/bidi",
    "unicode/cldr",
    "unicode/norm",
    "unicode/rangetable"
  ]
  revision = "f21a4dfb5e38f5895301dc265a8def02365cc3d0"
  version = "v0.3.0"

[[projects]]
  name = "google.golang.org/appengine"
  packages = ["cloudsql"]
  revision = "150dc57a1b433e64154302bdc40b6bb8aefa313a"
  version = "v1.0.0"

[[projects]]
  branch = "master"
  name = "google.golang.org/genproto"
  packages = ["googleapis/rpc/status"]
  revision = "81158efcc9f219c511e4d3c0d61a0e6e49c01a24"

[[projects]]
  branch = "v1.7.x"
  name = "google.golang.org/grpc"
  packages = [
    ".",
    "balancer",
    "codes",
    "connectivity",
    "credentials",
    "grpclb/grpc_lb_v1/messages",
    "grpclog",
    "internal",
    "keepalive",
    "metadata",
    "naming",
    "peer",
    "resolver",
    "stats",
    "status",
    "tap",
    "transport"
  ]
  revision = "fb57512bcf559adb14c19326b46a54cf0bbdefb0"

[solve-meta]
  analyzer-name = "dep"
  analyzer-version = 1
  inputs-digest = "fe1047804e86d61cb7241e0a2f2db316778d2d3480e6f13644641070aff0ac7e"
  solver-name = "gps-cdcl"
  solver-version = 1
